
Microsoft Visual Studio Solution File, Format Version 12.00
# Visual Studio Version 17
VisualStudioVersion = 17.2.32526.322
MinimumVisualStudioVersion = 10.0.40219.1
Project("{FAE04EC0-301F-11D3-BF4B-00C04F79EFBC}") = "FigureAreaCalculatingLib", "FigureAreaCalculatingLib\FigureAreaCalculatingLib.csproj", "{9F5E76C6-F38D-4610-B6D2-5F0697B7E5D0}"
EndProject
Project("{FAE04EC0-301F-11D3-BF4B-00C04F79EFBC}") = "Tests", "Tests\Tests.csproj", "{D0831B86-2C73-4084-BC09-1EC46C67DE06}"
EndProject
Global
	GlobalSection(SolutionConfigurationPlatforms) = preSolution
		Debug|Any CPU = Debug|Any CPU
		Release|Any CPU = Release|Any CPU
	EndGlobalSection
	GlobalSection(ProjectConfigurationPlatforms) = postSolution
		{9F5E76C6-F38D-4610-B6D2-5F0697B7E5D0}.Debug|Any CPU.ActiveCfg = Debug|Any CPU
		{9F5E76C6-F38D-4610-B6D2-5F0697B7E5D0}.Debug|Any CPU.Build.0 = Debug|Any CPU
		{9F5E76C6-F38D-4610-B6D2-5F0697B7E5D0}.Release|Any CPU.ActiveCfg = Release|Any CPU
		{9F5E76C6-F38D-4610-B6D2-5F0697B7E5D0}.Release|Any CPU.Build.0 = Release|Any CPU
		{D0831B86-2C73-4084-BC09-1EC46C67DE06}.Debug|Any CPU.ActiveCfg = Debug|Any CPU
		{D0831B86-2C73-4084-BC09-1EC46C67DE06}.Debug|Any CPU.Build.0 = Debug|Any CPU
		{D0831B86-2C73-4084-BC09-1EC46C67DE06}.Release|Any CPU.ActiveCfg = Release|Any CPU
		{D0831B86-2C73-4084-BC09-1EC46C67DE06}.Release|Any CPU.Build.0 = Release|Any CPU
	EndGlobalSection
	GlobalSection(SolutionProperties) = preSolution
		HideSolutionNode = FALSE
	EndGlobalSection
	GlobalSection(ExtensibilityGlobals) = postSolution
		SolutionGuid = {A951D40D-48B1-4FB3-ABD2-6476204C95D1}
	EndGlobalSection
EndGlobal
